// !$*UTF8*$!
{
	archiveVersion = 1;
	classes = {
	};
	objectVersion = 50;
	objects = {

/* Begin PBXBuildFile section */
		8E877A14C4D28B3BB2869770 /* Pods_DogRaceV2.framework in Frameworks */ = {isa = PBXBuildFile; fileRef = A99E727B459F83D037A393BC /* Pods_DogRaceV2.framework */; };
		AF167E2F214AA9B3002AD755 /* StatTableViewController.swift in Sources */ = {isa = PBXBuildFile; fileRef = AF167E2E214AA9B3002AD755 /* StatTableViewController.swift */; };
		AF46C406214BDFB400835E88 /* CustomStatCellTableViewCell.swift in Sources */ = {isa = PBXBuildFile; fileRef = AF46C404214BDFB400835E88 /* CustomStatCellTableViewCell.swift */; };
		AF46C407214BDFB400835E88 /* CustomStatCellTableViewCell.xib in Resources */ = {isa = PBXBuildFile; fileRef = AF46C405214BDFB400835E88 /* CustomStatCellTableViewCell.xib */; };
		AFA0136F20FD1FF5009DFA9F /* AppDelegate.swift in Sources */ = {isa = PBXBuildFile; fileRef = AFA0136E20FD1FF5009DFA9F /* AppDelegate.swift */; };
		AFA0137120FD1FF5009DFA9F /* ViewController.swift in Sources */ = {isa = PBXBuildFile; fileRef = AFA0137020FD1FF5009DFA9F /* ViewController.swift */; };
		AFA0137620FD1FF9009DFA9F /* Assets.xcassets in Resources */ = {isa = PBXBuildFile; fileRef = AFA0137520FD1FF9009DFA9F /* Assets.xcassets */; };
		AFA0137920FD1FF9009DFA9F /* LaunchScreen.storyboard in Resources */ = {isa = PBXBuildFile; fileRef = AFA0137720FD1FF9009DFA9F /* LaunchScreen.storyboard */; };
		AFA0138120FD2089009DFA9F /* Main.storyboard in Resources */ = {isa = PBXBuildFile; fileRef = AFA0138020FD2089009DFA9F /* Main.storyboard */; };
		AFA0138820FD223A009DFA9F /* Dog.swift in Sources */ = {isa = PBXBuildFile; fileRef = AFA0138720FD223A009DFA9F /* Dog.swift */; };
		AFA0138A20FD2A7C009DFA9F /* Race.swift in Sources */ = {isa = PBXBuildFile; fileRef = AFA0138920FD2A7C009DFA9F /* Race.swift */; };
		AFD0E7F520FFC19800805E56 /* SecondViewController.swift in Sources */ = {isa = PBXBuildFile; fileRef = AFD0E7F420FFC19800805E56 /* SecondViewController.swift */; };
/* End PBXBuildFile section */

/* Begin PBXFileReference section */
		50B6A531679B45434C3242F5 /* Pods-DogRaceV2.debug.xcconfig */ = {isa = PBXFileReference; includeInIndex = 1; lastKnownFileType = text.xcconfig; name = "Pods-DogRaceV2.debug.xcconfig"; path = "Pods/Target Support Files/Pods-DogRaceV2/Pods-DogRaceV2.debug.xcconfig"; sourceTree = "<group>"; };
		A99E727B459F83D037A393BC /* Pods_DogRaceV2.framework */ = {isa = PBXFileReference; explicitFileType = wrapper.framework; includeInIndex = 0; path = Pods_DogRaceV2.framework; sourceTree = BUILT_PRODUCTS_DIR; };
		AF167E2E214AA9B3002AD755 /* StatTableViewController.swift */ = {isa = PBXFileReference; lastKnownFileType = sourcecode.swift; path = StatTableViewController.swift; sourceTree = "<group>"; };
		AF46C404214BDFB400835E88 /* CustomStatCellTableViewCell.swift */ = {isa = PBXFileReference; lastKnownFileType = sourcecode.swift; path = CustomStatCellTableViewCell.swift; sourceTree = "<group>"; };
		AF46C405214BDFB400835E88 /* CustomStatCellTableViewCell.xib */ = {isa = PBXFileReference; lastKnownFileType = file.xib; path = CustomStatCellTableViewCell.xib; sourceTree = "<group>"; };
		AFA0136B20FD1FF5009DFA9F /* DogRaceV2.app */ = {isa = PBXFileReference; explicitFileType = wrapper.application; includeInIndex = 0; path = DogRaceV2.app; sourceTree = BUILT_PRODUCTS_DIR; };
		AFA0136E20FD1FF5009DFA9F /* AppDelegate.swift */ = {isa = PBXFileReference; lastKnownFileType = sourcecode.swift; path = AppDelegate.swift; sourceTree = "<group>"; };
		AFA0137020FD1FF5009DFA9F /* ViewController.swift */ = {isa = PBXFileReference; lastKnownFileType = sourcecode.swift; path = ViewController.swift; sourceTree = "<group>"; };
		AFA0137520FD1FF9009DFA9F /* Assets.xcassets */ = {isa = PBXFileReference; lastKnownFileType = folder.assetcatalog; path = Assets.xcassets; sourceTree = "<group>"; };
		AFA0137820FD1FF9009DFA9F /* Base */ = {isa = PBXFileReference; lastKnownFileType = file.storyboard; name = Base; path = Base.lproj/LaunchScreen.storyboard; sourceTree = "<group>"; };
		AFA0137A20FD1FF9009DFA9F /* Info.plist */ = {isa = PBXFileReference; lastKnownFileType = text.plist.xml; path = Info.plist; sourceTree = "<group>"; };
		AFA0138020FD2089009DFA9F /* Main.storyboard */ = {isa = PBXFileReference; fileEncoding = 4; lastKnownFileType = file.storyboard; path = Main.storyboard; sourceTree = "<group>"; };
		AFA0138720FD223A009DFA9F /* Dog.swift */ = {isa = PBXFileReference; lastKnownFileType = sourcecode.swift; path = Dog.swift; sourceTree = "<group>"; };
		AFA0138920FD2A7C009DFA9F /* Race.swift */ = {isa = PBXFileReference; lastKnownFileType = sourcecode.swift; path = Race.swift; sourceTree = "<group>"; };
		AFD0E7F420FFC19800805E56 /* SecondViewController.swift */ = {isa = PBXFileReference; lastKnownFileType = sourcecode.swift; path = SecondViewController.swift; sourceTree = "<group>"; };
		E40486A0BF372D94CD34404F /* Pods-DogRaceV2.release.xcconfig */ = {isa = PBXFileReference; includeInIndex = 1; lastKnownFileType = text.xcconfig; name = "Pods-DogRaceV2.release.xcconfig"; path = "Pods/Target Support Files/Pods-DogRaceV2/Pods-DogRaceV2.release.xcconfig"; sourceTree = "<group>"; };
/* End PBXFileReference section */

/* Begin PBXFrameworksBuildPhase section */
		AFA0136820FD1FF5009DFA9F /* Frameworks */ = {
			isa = PBXFrameworksBuildPhase;
			buildActionMask = 2147483647;
			files = (
				8E877A14C4D28B3BB2869770 /* Pods_DogRaceV2.framework in Frameworks */,
			);
			runOnlyForDeploymentPostprocessing = 0;
		};
/* End PBXFrameworksBuildPhase section */

/* Begin PBXGroup section */
		223C8555C586680611E41C1F /* Frameworks */ = {
			isa = PBXGroup;
			children = (
				A99E727B459F83D037A393BC /* Pods_DogRaceV2.framework */,
			);
			name = Frameworks;
			sourceTree = "<group>";
		};
		6AB30A6089DC7F20651EAABF /* Pods */ = {
			isa = PBXGroup;
			children = (
				50B6A531679B45434C3242F5 /* Pods-DogRaceV2.debug.xcconfig */,
				E40486A0BF372D94CD34404F /* Pods-DogRaceV2.release.xcconfig */,
			);
			name = Pods;
			sourceTree = "<group>";
		};
		AF46C403214BDECF00835E88 /* Custom Cell */ = {
			isa = PBXGroup;
			children = (
				AF46C404214BDFB400835E88 /* CustomStatCellTableViewCell.swift */,
				AF46C405214BDFB400835E88 /* CustomStatCellTableViewCell.xib */,
			);
			path = "Custom Cell";
			sourceTree = "<group>";
		};
		AFA0136220FD1FF5009DFA9F = {
			isa = PBXGroup;
			children = (
				AFA0136D20FD1FF5009DFA9F /* DogRaceV2 */,
				AFA0136C20FD1FF5009DFA9F /* Products */,
				6AB30A6089DC7F20651EAABF /* Pods */,
				223C8555C586680611E41C1F /* Frameworks */,
			);
			sourceTree = "<group>";
		};
		AFA0136C20FD1FF5009DFA9F /* Products */ = {
			isa = PBXGroup;
			children = (
				AFA0136B20FD1FF5009DFA9F /* DogRaceV2.app */,
			);
			name = Products;
			sourceTree = "<group>";
		};
		AFA0136D20FD1FF5009DFA9F /* DogRaceV2 */ = {
			isa = PBXGroup;
			children = (
				AFA0138620FD2192009DFA9F /* Model */,
				AFA0138520FD217C009DFA9F /* Controll */,
				AFA0138420FD2156009DFA9F /* View */,
				AFA0136E20FD1FF5009DFA9F /* AppDelegate.swift */,
				AFA0137520FD1FF9009DFA9F /* Assets.xcassets */,
				AFA0137A20FD1FF9009DFA9F /* Info.plist */,
			);
			path = DogRaceV2;
			sourceTree = "<group>";
		};
		AFA0138420FD2156009DFA9F /* View */ = {
			isa = PBXGroup;
			children = (
				AF46C403214BDECF00835E88 /* Custom Cell */,
				AFA0138020FD2089009DFA9F /* Main.storyboard */,
				AFA0137720FD1FF9009DFA9F /* LaunchScreen.storyboard */,
			);
			path = View;
			sourceTree = "<group>";
		};
		AFA0138520FD217C009DFA9F /* Controll */ = {
			isa = PBXGroup;
			children = (
				AFA0137020FD1FF5009DFA9F /* ViewController.swift */,
				AFD0E7F420FFC19800805E56 /* SecondViewController.swift */,
				AF167E2E214AA9B3002AD755 /* StatTableViewController.swift */,
			);
			path = Controll;
			sourceTree = "<group>";
		};
		AFA0138620FD2192009DFA9F /* Model */ = {
			isa = PBXGroup;
			children = (
				AFA0138720FD223A009DFA9F /* Dog.swift */,
				AFA0138920FD2A7C009DFA9F /* Race.swift */,
			);
			path = Model;
			sourceTree = "<group>";
		};
/* End PBXGroup section */

/* Begin PBXNativeTarget section */
		AFA0136A20FD1FF5009DFA9F /* DogRaceV2 */ = {
			isa = PBXNativeTarget;
			buildConfigurationList = AFA0137D20FD1FF9009DFA9F /* Build configuration list for PBXNativeTarget "DogRaceV2" */;
			buildPhases = (
				BD099F8D5332C8CDA9A0ADF4 /* [CP] Check Pods Manifest.lock */,
				AFA0136720FD1FF5009DFA9F /* Sources */,
				AFA0136820FD1FF5009DFA9F /* Frameworks */,
				AFA0136920FD1FF5009DFA9F /* Resources */,
				401B28A4FE73226C16C88ACF /* [CP] Embed Pods Frameworks */,
			);
			buildRules = (
			);
			dependencies = (
			);
			name = DogRaceV2;
			productName = DogRaceV2;
			productReference = AFA0136B20FD1FF5009DFA9F /* DogRaceV2.app */;
			productType = "com.apple.product-type.application";
		};
/* End PBXNativeTarget section */

/* Begin PBXProject section */
		AFA0136320FD1FF5009DFA9F /* Project object */ = {
			isa = PBXProject;
			attributes = {
				LastSwiftUpdateCheck = 0940;
				LastUpgradeCheck = 0940;
				ORGANIZATIONNAME = "Igor Vukosavljevic";
				TargetAttributes = {
					AFA0136A20FD1FF5009DFA9F = {
						CreatedOnToolsVersion = 9.4.1;
					};
				};
			};
			buildConfigurationList = AFA0136620FD1FF5009DFA9F /* Build configuration list for PBXProject "DogRaceV2" */;
			compatibilityVersion = "Xcode 9.3";
			developmentRegion = en;
			hasScannedForEncodings = 0;
			knownRegions = (
				en,
				Base,
			);
			mainGroup = AFA0136220FD1FF5009DFA9F;
			productRefGroup = AFA0136C20FD1FF5009DFA9F /* Products */;
			projectDirPath = "";
			projectRoot = "";
			targets = (
				AFA0136A20FD1FF5009DFA9F /* DogRaceV2 */,
			);
		};
/* End PBXProject section */

/* Begin PBXResourcesBuildPhase section */
		AFA0136920FD1FF5009DFA9F /* Resources */ = {
			isa = PBXResourcesBuildPhase;
			buildActionMask = 2147483647;
			files = (
				AFA0137920FD1FF9009DFA9F /* LaunchScreen.storyboard in Resources */,
				AFA0137620FD1FF9009DFA9F /* Assets.xcassets in Resources */,
				AF46C407214BDFB400835E88 /* CustomStatCellTableViewCell.xib in Resources */,
				AFA0138120FD2089009DFA9F /* Main.storyboard in Resources */,
			);
			runOnlyForDeploymentPostprocessing = 0;
		};
/* End PBXResourcesBuildPhase section */

/* Begin PBXShellScriptBuildPhase section */
		401B28A4FE73226C16C88ACF /* [CP] Embed Pods Frameworks */ = {
			isa = PBXShellScriptBuildPhase;
			buildActionMask = 2147483647;
			files = (
			);
			inputPaths = (
				"${SRCROOT}/Pods/Target Support Files/Pods-DogRaceV2/Pods-DogRaceV2-frameworks.sh",
				"${BUILT_PRODUCTS_DIR}/Realm/Realm.framework",
				"${BUILT_PRODUCTS_DIR}/RealmSwift/RealmSwift.framework",
			);
			name = "[CP] Embed Pods Frameworks";
			outputPaths = (
				"${TARGET_BUILD_DIR}/${FRAMEWORKS_FOLDER_PATH}/Realm.framework",
				"${TARGET_BUILD_DIR}/${FRAMEWORKS_FOLDER_PATH}/RealmSwift.framework",
			);
			runOnlyForDeploymentPostprocessing = 0;
			shellPath = /bin/sh;
			shellScript = "\"${SRCROOT}/Pods/Target Support Files/Pods-DogRaceV2/Pods-DogRaceV2-frameworks.sh\"\n";
			showEnvVarsInLog = 0;
		};
		BD099F8D5332C8CDA9A0ADF4 /* [CP] Check Pods Manifest.lock */ = {
			isa = PBXShellScriptBuildPhase;
			buildActionMask = 2147483647;
			files = (
			);
			inputPaths = (
				"${PODS_PODFILE_DIR_PATH}/Podfile.lock",
				"${PODS_ROOT}/Manifest.lock",
			);
			name = "[CP] Check Pods Manifest.lock";
			outputPaths = (
				"$(DERIVED_FILE_DIR)/Pods-DogRaceV2-checkManifestLockResult.txt",
			);
			runOnlyForDeploymentPostprocessing = 0;
			shellPath = /bin/sh;
			shellScript = "diff \"${PODS_PODFILE_DIR_PATH}/Podfile.lock\" \"${PODS_ROOT}/Manifest.lock\" > /dev/null\nif [ $? != 0 ] ; then\n    # print error to STDERR\n    echo \"error: The sandbox is not in sync with the Podfile.lock. Run 'pod install' or update your CocoaPods installation.\" >&2\n    exit 1\nfi\n# This output is used by Xcode 'outputs' to avoid re-running this script phase.\necho \"SUCCESS\" > \"${SCRIPT_OUTPUT_FILE_0}\"\n";
			showEnvVarsInLog = 0;
		};
/* End PBXShellScriptBuildPhase section */

/* Begin PBXSourcesBuildPhase section */
		AFA0136720FD1FF5009DFA9F /* Sources */ = {
			isa = PBXSourcesBuildPhase;
			buildActionMask = 2147483647;
			files = (
				AF46C406214BDFB400835E88 /* CustomStatCellTableViewCell.swift in Sources */,
				AFA0138A20FD2A7C009DFA9F /* Race.swift in Sources */,
				AFA0137120FD1FF5009DFA9F /* ViewController.swift in Sources */,
				AFA0136F20FD1FF5009DFA9F /* AppDelegate.swift in Sources */,
				AFD0E7F520FFC19800805E56 /* SecondViewController.swift in Sources */,
				AFA0138820FD223A009DFA9F /* Dog.swift in Sources */,
				AF167E2F214AA9B3002AD755 /* StatTableViewController.swift in Sources */,
			);
			runOnlyForDeploymentPostprocessing = 0;
		};
/* End PBXSourcesBuildPhase section */

/* Begin PBXVariantGroup section */
		AFA0137720FD1FF9009DFA9F /* LaunchScreen.storyboard */ = {
			isa = PBXVariantGroup;
			children = (
				AFA0137820FD1FF9009DFA9F /* Base */,
			);
			name = LaunchScreen.storyboard;
			sourceTree = "<group>";
		};
/* End PBXVariantGroup section */

/* Begin XCBuildConfiguration section */
		AFA0137B20FD1FF9009DFA9F /* Debug */ = {
			isa = XCBuildConfiguration;
			buildSettings = {
				ALWAYS_SEARCH_USER_PATHS = NO;
				CLANG_ANALYZER_NONNULL = YES;
				CLANG_ANALYZER_NUMBER_OBJECT_CONVERSION = YES_AGGRESSIVE;
				CLANG_CXX_LANGUAGE_STANDARD = "gnu++14";
				CLANG_CXX_LIBRARY = "libc++";
				CLANG_ENABLE_MODULES = YES;
				CLANG_ENABLE_OBJC_ARC = YES;
				CLANG_ENABLE_OBJC_WEAK = YES;
				CLANG_WARN_BLOCK_CAPTURE_AUTORELEASING = YES;
				CLANG_WARN_BOOL_CONVERSION = YES;
				CLANG_WARN_COMMA = YES;
				CLANG_WARN_CONSTANT_CONVERSION = YES;
				CLANG_WARN_DEPRECATED_OBJC_IMPLEMENTATIONS = YES;
				CLANG_WARN_DIRECT_OBJC_ISA_USAGE = YES_ERROR;
				CLANG_WARN_DOCUMENTATION_COMMENTS = YES;
				CLANG_WARN_EMPTY_BODY = YES;
				CLANG_WARN_ENUM_CONVERSION = YES;
				CLANG_WARN_INFINITE_RECURSION = YES;
				CLANG_WARN_INT_CONVERSION = YES;
				CLANG_WARN_NON_LITERAL_NULL_CONVERSION = YES;
				CLANG_WARN_OBJC_IMPLICIT_RETAIN_SELF = YES;
				CLANG_WARN_OBJC_LITERAL_CONVERSION = YES;
				CLANG_WARN_OBJC_ROOT_CLASS = YES_ERROR;
				CLANG_WARN_RANGE_LOOP_ANALYSIS = YES;
				CLANG_WARN_STRICT_PROTOTYPES = YES;
				CLANG_WARN_SUSPICIOUS_MOVE = YES;
				CLANG_WARN_UNGUARDED_AVAILABILITY = YES_AGGRESSIVE;
				CLANG_WARN_UNREACHABLE_CODE = YES;
				CLANG_WARN__DUPLICATE_METHOD_MATCH = YES;
				CODE_SIGN_IDENTITY = "iPhone Developer";
				COPY_PHASE_STRIP = NO;
				DEBUG_INFORMATION_FORMAT = dwarf;
				ENABLE_STRICT_OBJC_MSGSEND = YES;
				ENABLE_TESTABILITY = YES;
				GCC_C_LANGUAGE_STANDARD = gnu11;
				GCC_DYNAMIC_NO_PIC = NO;
				GCC_NO_COMMON_BLOCKS = YES;
				GCC_OPTIMIZATION_LEVEL = 0;
				GCC_PREPROCESSOR_DEFINITIONS = (
					"DEBUG=1",
					"$(inherited)",
				);
				GCC_WARN_64_TO_32_BIT_CONVERSION = YES;
				GCC_WARN_ABOUT_RETURN_TYPE = YES_ERROR;
				GCC_WARN_UNDECLARED_SELECTOR = YES;
				GCC_WARN_UNINITIALIZED_AUTOS = YES_AGGRESSIVE;
				GCC_WARN_UNUSED_FUNCTION = YES;
				GCC_WARN_UNUSED_VARIABLE = YES;
				IPHONEOS_DEPLOYMENT_TARGET = 11.4;
				MTL_ENABLE_DEBUG_INFO = YES;
				ONLY_ACTIVE_ARCH = YES;
				SDKROOT = iphoneos;
				SWIFT_ACTIVE_COMPILATION_CONDITIONS = DEBUG;
				SWIFT_OPTIMIZATION_LEVEL = "-Onone";
			};
			name = Debug;
		};
		AFA0137C20FD1FF9009DFA9F /* Release */ = {
			isa = XCBuildConfiguration;
			buildSettings = {
				ALWAYS_SEARCH_USER_PATHS = NO;
				CLANG_ANALYZER_NONNULL = YES;
				CLANG_ANALYZER_NUMBER_OBJECT_CONVERSION = YES_AGGRESSIVE;
				CLANG_CXX_LANGUAGE_STANDARD = "gnu++14";
				CLANG_CXX_LIBRARY = "libc++";
				CLANG_ENABLE_MODULES = YES;
				CLANG_ENABLE_OBJC_ARC = YES;
				CLANG_ENABLE_OBJC_WEAK = YES;
				CLANG_WARN_BLOCK_CAPTURE_AUTORELEASING = YES;
				CLANG_WARN_BOOL_CONVERSION = YES;
				CLANG_WARN_COMMA = YES;
				CLANG_WARN_CONSTANT_CONVERSION = YES;
				CLANG_WARN_DEPRECATED_OBJC_IMPLEMENTATIONS = YES;
				CLANG_WARN_DIRECT_OBJC_ISA_USAGE = YES_ERROR;
				CLANG_WARN_DOCUMENTATION_COMMENTS = YES;
				CLANG_WARN_EMPTY_BODY = YES;
				CLANG_WARN_ENUM_CONVERSION = YES;
				CLANG_WARN_INFINITE_RECURSION = YES;
				CLANG_WARN_INT_CONVERSION = YES;
				CLANG_WARN_NON_LITERAL_NULL_CONVERSION = YES;
				CLANG_WARN_OBJC_IMPLICIT_RETAIN_SELF = YES;
				CLANG_WARN_OBJC_LITERAL_CONVERSION = YES;
				CLANG_WARN_OBJC_ROOT_CLASS = YES_ERROR;
				CLANG_WARN_RANGE_LOOP_ANALYSIS = YES;
				CLANG_WARN_STRICT_PROTOTYPES = YES;
				CLANG_WARN_SUSPICIOUS_MOVE = YES;
				CLANG_WARN_UNGUARDED_AVAILABILITY = YES_AGGRESSIVE;
				CLANG_WARN_UNREACHABLE_CODE = YES;
				CLANG_WARN__DUPLICATE_METHOD_MATCH = YES;
				CODE_SIGN_IDENTITY = "iPhone Developer";
				COPY_PHASE_STRIP = NO;
				DEBUG_INFORMATION_FORMAT = "dwarf-with-dsym";
				ENABLE_NS_ASSERTIONS = NO;
				ENABLE_STRICT_OBJC_MSGSEND = YES;
				GCC_C_LANGUAGE_STANDARD = gnu11;
				GCC_NO_COMMON_BLOCKS = YES;
				GCC_WARN_64_TO_32_BIT_CONVERSION = YES;
				GCC_WARN_ABOUT_RETURN_TYPE = YES_ERROR;
				GCC_WARN_UNDECLARED_SELECTOR = YES;
				GCC_WARN_UNINITIALIZED_AUTOS = YES_AGGRESSIVE;
				GCC_WARN_UNUSED_FUNCTION = YES;
				GCC_WARN_UNUSED_VARIABLE = YES;
				IPHONEOS_DEPLOYMENT_TARGET = 11.4;
				MTL_ENABLE_DEBUG_INFO = NO;
				SDKROOT = iphoneos;
				SWIFT_COMPILATION_MODE = wholemodule;
				SWIFT_OPTIMIZATION_LEVEL = "-O";
				VALIDATE_PRODUCT = YES;
			};
			name = Release;
		};
		AFA0137E20FD1FF9009DFA9F /* Debug */ = {
			isa = XCBuildConfiguration;
			baseConfigurationReference = 50B6A531679B45434C3242F5 /* Pods-DogRaceV2.debug.xcconfig */;
			buildSettings = {
				ASSETCATALOG_COMPILER_APPICON_NAME = AppIcon;
				CODE_SIGN_STYLE = Automatic;
				INFOPLIST_FILE = DogRaceV2/Info.plist;
				LD_RUNPATH_SEARCH_PATHS = (
					"$(inherited)",
					"@executable_path/Frameworks",
				);
				PRODUCT_BUNDLE_IDENTIFIER = com.igor.DogRaceV2;
				PRODUCT_NAME = "$(TARGET_NAME)";
				SWIFT_VERSION = 4.0;
				TARGETED_DEVICE_FAMILY = "1,2";
			};
			name = Debug;
		};
		AFA0137F20FD1FF9009DFA9F /* Release */ = {
			isa = XCBuildConfiguration;
			baseConfigurationReference = E40486A0BF372D94CD34404F /* Pods-DogRaceV2.release.xcconfig */;
			buildSettings = {
				ASSETCATALOG_COMPILER_APPICON_NAME = AppIcon;
				CODE_SIGN_STYLE = Automatic;
				INFOPLIST_FILE = DogRaceV2/Info.plist;
				LD_RUNPATH_SEARCH_PATHS = (
					"$(inherited)",
					"@executable_path/Frameworks",
				);
				PRODUCT_BUNDLE_IDENTIFIER = com.igor.DogRaceV2;
				PRODUCT_NAME = "$(TARGET_NAME)";
				SWIFT_VERSION = 4.0;
				TARGETED_DEVICE_FAMILY = "1,2";
			};
			name = Release;
		};
/* End XCBuildConfiguration section */

/* Begin XCConfigurationList section */
		AFA0136620FD1FF5009DFA9F /* Build configuration list for PBXProject "DogRaceV2" */ = {
			isa = XCConfigurationList;
			buildConfigurations = (
				AFA0137B20FD1FF9009DFA9F /* Debug */,
				AFA0137C20FD1FF9009DFA9F /* Release */,
			);
			defaultConfigurationIsVisible = 0;
			defaultConfigurationName = Release;
		};
		AFA0137D20FD1FF9009DFA9F /* Build configuration list for PBXNativeTarget "DogRaceV2" */ = {
			isa = XCConfigurationList;
			buildConfigurations = (
				AFA0137E20FD1FF9009DFA9F /* Debug */,
				AFA0137F20FD1FF9009DFA9F /* Release */,
			);
			defaultConfigurationIsVisible = 0;
			defaultConfigurationName = Release;
		};
/* End XCConfigurationList section */
	};
	rootObject = AFA0136320FD1FF5009DFA9F /* Project object */;
}
